{
  "name": "demo",
  "version": "1.0.0",
  "lockfileVersion": 1,
  "requires": true,
  "dependencies": {
    "san": {
      "version": "3.7.9",
      "resolved": "https://registry.npmjs.org/san/-/san-3.7.9.tgz",
      "integrity": "sha512-17Jq1D0N7ZujLStNB9GDQGTL97E/hj2ARXuBQNV3F0QaGQ32qfjvIXtZTpd5wohSq8YfcsZWcI8sAeu5AdwnDg=="
    }
  }
}
